<?xml version="1.0" encoding="utf-8"?>
<Project ToolsVersion="4.0" xmlns="http://schemas.microsoft.com/developer/msbuild/2003">
  <ItemGroup>
    <ClCompile Include="JSONBase.cpp">
      <Filter>Source Files\JSON</Filter>
    </ClCompile>
    <ClCompile Include="Polyhedron.cpp">
      <Filter>Source Files\JSON</Filter>
    </ClCompile>
    <ClCompile Include="Polyhedrons.cpp">
      <Filter>Source Files\JSON</Filter>
    </ClCompile>
    <ClCompile Include="Point.cpp">
      <Filter>Source Files\JSON</Filter>
    </ClCompile>
    <ClCompile Include="Polygon.cpp">
      <Filter>Source Files\JSON</Filter>
    </ClCompile>
    <ClCompile Include="Face.cpp">
      <Filter>Source Files\JSON</Filter>
    </ClCompile>
    <ClCompile Include="CGALPolyhedron.cpp">
      <Filter>Source Files\CGAL</Filter>
    </ClCompile>
    <ClCompile Include="CGALSkeletonization.cpp">
      <Filter>Source Files\CGAL</Filter>
    </ClCompile>
    <ClCompile Include="..\CGALRemeshPolyhedron.cpp">
      <Filter>Source Files\CGAL</Filter>
    </ClCompile>
    <ClCompile Include="CGALFunctions.cpp">
      <Filter>Source Files\CGAL</Filter>
    </ClCompile>
    <ClCompile Include="Polyline.cpp">
      <Filter>Source Files\JSON</Filter>
    </ClCompile>
    <ClCompile Include="Polylines.cpp">
      <Filter>Source Files\JSON</Filter>
    </ClCompile>
    <ClCompile Include="CGALSegmentation.cpp">
      <Filter>Source Files\CGAL</Filter>
    </ClCompile>
  </ItemGroup>
  <ItemGroup>
    <ClInclude Include="JSONIncludes.h">
      <Filter>Header Files\JSON</Filter>
    </ClInclude>
    <ClInclude Include="JSONBase.h">
      <Filter>Header Files\JSON</Filter>
    </ClInclude>
    <ClInclude Include="Polyhedron.h">
      <Filter>Header Files\JSON</Filter>
    </ClInclude>
    <ClInclude Include="Polyhedrons.h">
      <Filter>Header Files\JSON</Filter>
    </ClInclude>
    <ClInclude Include="Point.h">
      <Filter>Header Files\JSON</Filter>
    </ClInclude>
    <ClInclude Include="Polygon.h">
      <Filter>Header Files\JSON</Filter>
    </ClInclude>
    <ClInclude Include="Face.h">
      <Filter>Header Files\JSON</Filter>
    </ClInclude>
    <ClInclude Include="Polyline.h">
      <Filter>Header Files\JSON</Filter>
    </ClInclude>
    <ClInclude Include="Polylines.h">
      <Filter>Header Files\JSON</Filter>
    </ClInclude>
  </ItemGroup>
  <ItemGroup>
    <CustomBuild Include="E:\CGAL_Project\CGALWrapper\CMakeLists.txt" />
  </ItemGroup>
  <ItemGroup>
    <Filter Include="Header Files">
      <UniqueIdentifier>{09c9e179-8295-4673-b4c9-38a51660e598}</UniqueIdentifier>
    </Filter>
    <Filter Include="Header Files\JSON">
      <UniqueIdentifier>{cbfcd0b0-c7f3-4c2f-a5d7-5377cba114d6}</UniqueIdentifier>
    </Filter>
    <Filter Include="Source Files">
      <UniqueIdentifier>{f571083c-3755-4ace-933c-c5203a65eecf}</UniqueIdentifier>
    </Filter>
    <Filter Include="Source Files\JSON">
      <UniqueIdentifier>{591def23-ab9f-443e-b6d2-54208e5a8bb1}</UniqueIdentifier>
    </Filter>
    <Filter Include="Source Files\CGAL">
      <UniqueIdentifier>{cf28d448-96ce-4c22-95f1-70e9e6dcafb9}</UniqueIdentifier>
    </Filter>
  </ItemGroup>
</Project>